
Microsoft Visual Studio Solution File, Format Version 12.00
# Visual Studio Version 16
VisualStudioVersion = 16.0.30711.63
MinimumVisualStudioVersion = 10.0.40219.1
Project("{FAE04EC0-301F-11D3-BF4B-00C04F79EFBC}") = "IsPerfectPower", "IsPerfectPower\IsPerfectPower.csproj", "{B2DE475A-D45A-4E47-8AE1-063ABA4F1595}"
EndProject
Global
	GlobalSection(SolutionConfigurationPlatforms) = preSolution
		Debug|Any CPU = Debug|Any CPU
		Release|Any CPU = Release|Any CPU
	EndGlobalSection
	GlobalSection(ProjectConfigurationPlatforms) = postSolution
		{B2DE475A-D45A-4E47-8AE1-063ABA4F1595}.Debug|Any CPU.ActiveCfg = Debug|Any CPU
		{B2DE475A-D45A-4E47-8AE1-063ABA4F1595}.Debug|Any CPU.Build.0 = Debug|Any CPU
		{B2DE475A-D45A-4E47-8AE1-063ABA4F1595}.Release|Any CPU.ActiveCfg = Release|Any CPU
		{B2DE475A-D45A-4E47-8AE1-063ABA4F1595}.Release|Any CPU.Build.0 = Release|Any CPU
	EndGlobalSection
	GlobalSection(SolutionProperties) = preSolution
		HideSolutionNode = FALSE
	EndGlobalSection
	GlobalSection(ExtensibilityGlobals) = postSolution
		SolutionGuid = {30DE8338-1D7E-4919-9E69-346F9B6E7C9D}
	EndGlobalSection
EndGlobal
