
Microsoft Visual Studio Solution File, Format Version 12.00
# Visual Studio Version 16
VisualStudioVersion = 16.0.30711.63
MinimumVisualStudioVersion = 10.0.40219.1
Project("{FAE04EC0-301F-11D3-BF4B-00C04F79EFBC}") = "Short Long Short", "Short Long Short\Short Long Short.csproj", "{5ACF7F5C-9425-4AB0-A403-8AC17D7BCE1F}"
EndProject
Global
	GlobalSection(SolutionConfigurationPlatforms) = preSolution
		Debug|Any CPU = Debug|Any CPU
		Release|Any CPU = Release|Any CPU
	EndGlobalSection
	GlobalSection(ProjectConfigurationPlatforms) = postSolution
		{5ACF7F5C-9425-4AB0-A403-8AC17D7BCE1F}.Debug|Any CPU.ActiveCfg = Debug|Any CPU
		{5ACF7F5C-9425-4AB0-A403-8AC17D7BCE1F}.Debug|Any CPU.Build.0 = Debug|Any CPU
		{5ACF7F5C-9425-4AB0-A403-8AC17D7BCE1F}.Release|Any CPU.ActiveCfg = Release|Any CPU
		{5ACF7F5C-9425-4AB0-A403-8AC17D7BCE1F}.Release|Any CPU.Build.0 = Release|Any CPU
	EndGlobalSection
	GlobalSection(SolutionProperties) = preSolution
		HideSolutionNode = FALSE
	EndGlobalSection
	GlobalSection(ExtensibilityGlobals) = postSolution
		SolutionGuid = {C2EC2BA4-5223-448C-AAE9-713CA137620A}
	EndGlobalSection
EndGlobal
