
Microsoft Visual Studio Solution File, Format Version 12.00
# Visual Studio Version 16
VisualStudioVersion = 16.0.30711.63
MinimumVisualStudioVersion = 10.0.40219.1
Project("{FAE04EC0-301F-11D3-BF4B-00C04F79EFBC}") = "Generate range of integers", "Generate range of integers\Generate range of integers.csproj", "{D6422776-D174-4547-AB22-5B59CB5BA5FE}"
EndProject
Global
	GlobalSection(SolutionConfigurationPlatforms) = preSolution
		Debug|Any CPU = Debug|Any CPU
		Release|Any CPU = Release|Any CPU
	EndGlobalSection
	GlobalSection(ProjectConfigurationPlatforms) = postSolution
		{D6422776-D174-4547-AB22-5B59CB5BA5FE}.Debug|Any CPU.ActiveCfg = Debug|Any CPU
		{D6422776-D174-4547-AB22-5B59CB5BA5FE}.Debug|Any CPU.Build.0 = Debug|Any CPU
		{D6422776-D174-4547-AB22-5B59CB5BA5FE}.Release|Any CPU.ActiveCfg = Release|Any CPU
		{D6422776-D174-4547-AB22-5B59CB5BA5FE}.Release|Any CPU.Build.0 = Release|Any CPU
	EndGlobalSection
	GlobalSection(SolutionProperties) = preSolution
		HideSolutionNode = FALSE
	EndGlobalSection
	GlobalSection(ExtensibilityGlobals) = postSolution
		SolutionGuid = {52C257BB-E18E-4C66-A03A-274995A32E33}
	EndGlobalSection
EndGlobal
