
Microsoft Visual Studio Solution File, Format Version 12.00
# Visual Studio Version 16
VisualStudioVersion = 16.0.30711.63
MinimumVisualStudioVersion = 10.0.40219.1
Project("{FAE04EC0-301F-11D3-BF4B-00C04F79EFBC}") = "Beginner - Lost Without a Map", "Beginner - Lost Without a Map\Beginner - Lost Without a Map.csproj", "{B419645A-49C7-4B5B-A434-9BFBB4A9D608}"
EndProject
Global
	GlobalSection(SolutionConfigurationPlatforms) = preSolution
		Debug|Any CPU = Debug|Any CPU
		Release|Any CPU = Release|Any CPU
	EndGlobalSection
	GlobalSection(ProjectConfigurationPlatforms) = postSolution
		{B419645A-49C7-4B5B-A434-9BFBB4A9D608}.Debug|Any CPU.ActiveCfg = Debug|Any CPU
		{B419645A-49C7-4B5B-A434-9BFBB4A9D608}.Debug|Any CPU.Build.0 = Debug|Any CPU
		{B419645A-49C7-4B5B-A434-9BFBB4A9D608}.Release|Any CPU.ActiveCfg = Release|Any CPU
		{B419645A-49C7-4B5B-A434-9BFBB4A9D608}.Release|Any CPU.Build.0 = Release|Any CPU
	EndGlobalSection
	GlobalSection(SolutionProperties) = preSolution
		HideSolutionNode = FALSE
	EndGlobalSection
	GlobalSection(ExtensibilityGlobals) = postSolution
		SolutionGuid = {0ECA1DB2-2872-494A-89CB-CB9448807AAD}
	EndGlobalSection
EndGlobal
