
Microsoft Visual Studio Solution File, Format Version 12.00
# Visual Studio Version 16
VisualStudioVersion = 16.0.30711.63
MinimumVisualStudioVersion = 10.0.40219.1
Project("{FAE04EC0-301F-11D3-BF4B-00C04F79EFBC}") = "Last digit of a huge number", "Last digit of a huge number\Last digit of a huge number.csproj", "{4E32F0EB-9E13-4E0F-BE3F-4C2E210063DB}"
EndProject
Global
	GlobalSection(SolutionConfigurationPlatforms) = preSolution
		Debug|Any CPU = Debug|Any CPU
		Release|Any CPU = Release|Any CPU
	EndGlobalSection
	GlobalSection(ProjectConfigurationPlatforms) = postSolution
		{4E32F0EB-9E13-4E0F-BE3F-4C2E210063DB}.Debug|Any CPU.ActiveCfg = Debug|Any CPU
		{4E32F0EB-9E13-4E0F-BE3F-4C2E210063DB}.Debug|Any CPU.Build.0 = Debug|Any CPU
		{4E32F0EB-9E13-4E0F-BE3F-4C2E210063DB}.Release|Any CPU.ActiveCfg = Release|Any CPU
		{4E32F0EB-9E13-4E0F-BE3F-4C2E210063DB}.Release|Any CPU.Build.0 = Release|Any CPU
	EndGlobalSection
	GlobalSection(SolutionProperties) = preSolution
		HideSolutionNode = FALSE
	EndGlobalSection
	GlobalSection(ExtensibilityGlobals) = postSolution
		SolutionGuid = {A7827DCA-C8EA-4A01-A3B6-BA31E5D1E30F}
	EndGlobalSection
EndGlobal
