
Microsoft Visual Studio Solution File, Format Version 12.00
# Visual Studio Version 16
VisualStudioVersion = 16.0.30711.63
MinimumVisualStudioVersion = 10.0.40219.1
Project("{FAE04EC0-301F-11D3-BF4B-00C04F79EFBC}") = "Simple Fun 15 Addition without Carrying", "Simple Fun 15 Addition without Carrying\Simple Fun 15 Addition without Carrying.csproj", "{CC9F2108-4DF4-425F-B774-42B2EE183468}"
EndProject
Global
	GlobalSection(SolutionConfigurationPlatforms) = preSolution
		Debug|Any CPU = Debug|Any CPU
		Release|Any CPU = Release|Any CPU
	EndGlobalSection
	GlobalSection(ProjectConfigurationPlatforms) = postSolution
		{CC9F2108-4DF4-425F-B774-42B2EE183468}.Debug|Any CPU.ActiveCfg = Debug|Any CPU
		{CC9F2108-4DF4-425F-B774-42B2EE183468}.Debug|Any CPU.Build.0 = Debug|Any CPU
		{CC9F2108-4DF4-425F-B774-42B2EE183468}.Release|Any CPU.ActiveCfg = Release|Any CPU
		{CC9F2108-4DF4-425F-B774-42B2EE183468}.Release|Any CPU.Build.0 = Release|Any CPU
	EndGlobalSection
	GlobalSection(SolutionProperties) = preSolution
		HideSolutionNode = FALSE
	EndGlobalSection
	GlobalSection(ExtensibilityGlobals) = postSolution
		SolutionGuid = {964BAF22-33DF-4B3F-A263-EA1650231DF2}
	EndGlobalSection
EndGlobal
