
Microsoft Visual Studio Solution File, Format Version 12.00
# Visual Studio Version 16
VisualStudioVersion = 16.0.30711.63
MinimumVisualStudioVersion = 10.0.40219.1
Project("{FAE04EC0-301F-11D3-BF4B-00C04F79EFBC}") = "find_it", "find_it\find_it.csproj", "{C6C80697-9EE3-4ADD-9FD0-EF5CCD180C6A}"
EndProject
Global
	GlobalSection(SolutionConfigurationPlatforms) = preSolution
		Debug|Any CPU = Debug|Any CPU
		Release|Any CPU = Release|Any CPU
	EndGlobalSection
	GlobalSection(ProjectConfigurationPlatforms) = postSolution
		{C6C80697-9EE3-4ADD-9FD0-EF5CCD180C6A}.Debug|Any CPU.ActiveCfg = Debug|Any CPU
		{C6C80697-9EE3-4ADD-9FD0-EF5CCD180C6A}.Debug|Any CPU.Build.0 = Debug|Any CPU
		{C6C80697-9EE3-4ADD-9FD0-EF5CCD180C6A}.Release|Any CPU.ActiveCfg = Release|Any CPU
		{C6C80697-9EE3-4ADD-9FD0-EF5CCD180C6A}.Release|Any CPU.Build.0 = Release|Any CPU
	EndGlobalSection
	GlobalSection(SolutionProperties) = preSolution
		HideSolutionNode = FALSE
	EndGlobalSection
	GlobalSection(ExtensibilityGlobals) = postSolution
		SolutionGuid = {999128A4-9E06-4E6B-99B8-1279CF618744}
	EndGlobalSection
EndGlobal
