
Microsoft Visual Studio Solution File, Format Version 12.00
# Visual Studio Version 16
VisualStudioVersion = 16.0.30711.63
MinimumVisualStudioVersion = 10.0.40219.1
Project("{FAE04EC0-301F-11D3-BF4B-00C04F79EFBC}") = "Probnik", "Probnik\Probnik.csproj", "{4D4A44A0-CB22-41B8-B437-63D447E6B792}"
EndProject
Global
	GlobalSection(SolutionConfigurationPlatforms) = preSolution
		Debug|Any CPU = Debug|Any CPU
		Release|Any CPU = Release|Any CPU
	EndGlobalSection
	GlobalSection(ProjectConfigurationPlatforms) = postSolution
		{4D4A44A0-CB22-41B8-B437-63D447E6B792}.Debug|Any CPU.ActiveCfg = Debug|Any CPU
		{4D4A44A0-CB22-41B8-B437-63D447E6B792}.Debug|Any CPU.Build.0 = Debug|Any CPU
		{4D4A44A0-CB22-41B8-B437-63D447E6B792}.Release|Any CPU.ActiveCfg = Release|Any CPU
		{4D4A44A0-CB22-41B8-B437-63D447E6B792}.Release|Any CPU.Build.0 = Release|Any CPU
	EndGlobalSection
	GlobalSection(SolutionProperties) = preSolution
		HideSolutionNode = FALSE
	EndGlobalSection
	GlobalSection(ExtensibilityGlobals) = postSolution
		SolutionGuid = {3C3E18B6-9C41-41B4-A0A5-E35793355F1D}
	EndGlobalSection
EndGlobal
