
Microsoft Visual Studio Solution File, Format Version 12.00
# Visual Studio Version 16
VisualStudioVersion = 16.0.30711.63
MinimumVisualStudioVersion = 10.0.40219.1
Project("{FAE04EC0-301F-11D3-BF4B-00C04F79EFBC}") = "Range Extraction", "Range Extraction\Range Extraction.csproj", "{F59386F6-8154-44D9-840E-C68FC32BBB1B}"
EndProject
Global
	GlobalSection(SolutionConfigurationPlatforms) = preSolution
		Debug|Any CPU = Debug|Any CPU
		Release|Any CPU = Release|Any CPU
	EndGlobalSection
	GlobalSection(ProjectConfigurationPlatforms) = postSolution
		{F59386F6-8154-44D9-840E-C68FC32BBB1B}.Debug|Any CPU.ActiveCfg = Debug|Any CPU
		{F59386F6-8154-44D9-840E-C68FC32BBB1B}.Debug|Any CPU.Build.0 = Debug|Any CPU
		{F59386F6-8154-44D9-840E-C68FC32BBB1B}.Release|Any CPU.ActiveCfg = Release|Any CPU
		{F59386F6-8154-44D9-840E-C68FC32BBB1B}.Release|Any CPU.Build.0 = Release|Any CPU
	EndGlobalSection
	GlobalSection(SolutionProperties) = preSolution
		HideSolutionNode = FALSE
	EndGlobalSection
	GlobalSection(ExtensibilityGlobals) = postSolution
		SolutionGuid = {9F1EBD58-B4D4-41B0-9D83-3F181E84A40A}
	EndGlobalSection
EndGlobal
