
Microsoft Visual Studio Solution File, Format Version 12.00
# Visual Studio Version 16
VisualStudioVersion = 16.0.30711.63
MinimumVisualStudioVersion = 10.0.40219.1
Project("{FAE04EC0-301F-11D3-BF4B-00C04F79EFBC}") = "SumFibonachi", "SumFibonachi\SumFibonachi.csproj", "{EC24B985-DF28-4FAC-AB92-F7AAA5C12F53}"
EndProject
Global
	GlobalSection(SolutionConfigurationPlatforms) = preSolution
		Debug|Any CPU = Debug|Any CPU
		Release|Any CPU = Release|Any CPU
	EndGlobalSection
	GlobalSection(ProjectConfigurationPlatforms) = postSolution
		{EC24B985-DF28-4FAC-AB92-F7AAA5C12F53}.Debug|Any CPU.ActiveCfg = Debug|Any CPU
		{EC24B985-DF28-4FAC-AB92-F7AAA5C12F53}.Debug|Any CPU.Build.0 = Debug|Any CPU
		{EC24B985-DF28-4FAC-AB92-F7AAA5C12F53}.Release|Any CPU.ActiveCfg = Release|Any CPU
		{EC24B985-DF28-4FAC-AB92-F7AAA5C12F53}.Release|Any CPU.Build.0 = Release|Any CPU
	EndGlobalSection
	GlobalSection(SolutionProperties) = preSolution
		HideSolutionNode = FALSE
	EndGlobalSection
	GlobalSection(ExtensibilityGlobals) = postSolution
		SolutionGuid = {DAD2AADB-7F9B-43A6-8BC9-117D28BA4EA2}
	EndGlobalSection
EndGlobal
