
Microsoft Visual Studio Solution File, Format Version 12.00
# Visual Studio Version 16
VisualStudioVersion = 16.0.30711.63
MinimumVisualStudioVersion = 10.0.40219.1
Project("{FAE04EC0-301F-11D3-BF4B-00C04F79EFBC}") = "Tribonacci_class", "Tribonacci_class\Tribonacci_class.csproj", "{8F168CB4-67BD-46CF-8C91-4783B4338AB1}"
EndProject
Global
	GlobalSection(SolutionConfigurationPlatforms) = preSolution
		Debug|Any CPU = Debug|Any CPU
		Release|Any CPU = Release|Any CPU
	EndGlobalSection
	GlobalSection(ProjectConfigurationPlatforms) = postSolution
		{8F168CB4-67BD-46CF-8C91-4783B4338AB1}.Debug|Any CPU.ActiveCfg = Debug|Any CPU
		{8F168CB4-67BD-46CF-8C91-4783B4338AB1}.Debug|Any CPU.Build.0 = Debug|Any CPU
		{8F168CB4-67BD-46CF-8C91-4783B4338AB1}.Release|Any CPU.ActiveCfg = Release|Any CPU
		{8F168CB4-67BD-46CF-8C91-4783B4338AB1}.Release|Any CPU.Build.0 = Release|Any CPU
	EndGlobalSection
	GlobalSection(SolutionProperties) = preSolution
		HideSolutionNode = FALSE
	EndGlobalSection
	GlobalSection(ExtensibilityGlobals) = postSolution
		SolutionGuid = {47081C6B-BE86-4BA1-A5FA-DCC7E022169A}
	EndGlobalSection
EndGlobal
