
Microsoft Visual Studio Solution File, Format Version 12.00
# Visual Studio Version 16
VisualStudioVersion = 16.0.30711.63
MinimumVisualStudioVersion = 10.0.40219.1
Project("{FAE04EC0-301F-11D3-BF4B-00C04F79EFBC}") = "Tip Calculator", "Tip Calculator\Tip Calculator.csproj", "{80227F27-BF50-4D82-A18E-1CA6288AA932}"
EndProject
Global
	GlobalSection(SolutionConfigurationPlatforms) = preSolution
		Debug|Any CPU = Debug|Any CPU
		Release|Any CPU = Release|Any CPU
	EndGlobalSection
	GlobalSection(ProjectConfigurationPlatforms) = postSolution
		{80227F27-BF50-4D82-A18E-1CA6288AA932}.Debug|Any CPU.ActiveCfg = Debug|Any CPU
		{80227F27-BF50-4D82-A18E-1CA6288AA932}.Debug|Any CPU.Build.0 = Debug|Any CPU
		{80227F27-BF50-4D82-A18E-1CA6288AA932}.Release|Any CPU.ActiveCfg = Release|Any CPU
		{80227F27-BF50-4D82-A18E-1CA6288AA932}.Release|Any CPU.Build.0 = Release|Any CPU
	EndGlobalSection
	GlobalSection(SolutionProperties) = preSolution
		HideSolutionNode = FALSE
	EndGlobalSection
	GlobalSection(ExtensibilityGlobals) = postSolution
		SolutionGuid = {7B4C4879-20AB-4797-A1DC-DAA1C763BA83}
	EndGlobalSection
EndGlobal
