
Microsoft Visual Studio Solution File, Format Version 12.00
# Visual Studio Version 16
VisualStudioVersion = 16.0.30711.63
MinimumVisualStudioVersion = 10.0.40219.1
Project("{FAE04EC0-301F-11D3-BF4B-00C04F79EFBC}") = "Will there be enough space", "Will there be enough space\Will there be enough space.csproj", "{BD320EDF-ED85-4B86-90C6-F9D532B875BB}"
EndProject
Global
	GlobalSection(SolutionConfigurationPlatforms) = preSolution
		Debug|Any CPU = Debug|Any CPU
		Release|Any CPU = Release|Any CPU
	EndGlobalSection
	GlobalSection(ProjectConfigurationPlatforms) = postSolution
		{BD320EDF-ED85-4B86-90C6-F9D532B875BB}.Debug|Any CPU.ActiveCfg = Debug|Any CPU
		{BD320EDF-ED85-4B86-90C6-F9D532B875BB}.Debug|Any CPU.Build.0 = Debug|Any CPU
		{BD320EDF-ED85-4B86-90C6-F9D532B875BB}.Release|Any CPU.ActiveCfg = Release|Any CPU
		{BD320EDF-ED85-4B86-90C6-F9D532B875BB}.Release|Any CPU.Build.0 = Release|Any CPU
	EndGlobalSection
	GlobalSection(SolutionProperties) = preSolution
		HideSolutionNode = FALSE
	EndGlobalSection
	GlobalSection(ExtensibilityGlobals) = postSolution
		SolutionGuid = {F2640DA6-DDB6-40A0-9A96-8FB8BAED6ED8}
	EndGlobalSection
EndGlobal
