
Microsoft Visual Studio Solution File, Format Version 12.00
# Visual Studio Version 16
VisualStudioVersion = 16.0.30711.63
MinimumVisualStudioVersion = 10.0.40219.1
Project("{FAE04EC0-301F-11D3-BF4B-00C04F79EFBC}") = "Palindrome chain length", "Palindrome chain length\Palindrome chain length.csproj", "{8D522AC4-0067-40DD-9BFD-DC97A5A00ACB}"
EndProject
Global
	GlobalSection(SolutionConfigurationPlatforms) = preSolution
		Debug|Any CPU = Debug|Any CPU
		Release|Any CPU = Release|Any CPU
	EndGlobalSection
	GlobalSection(ProjectConfigurationPlatforms) = postSolution
		{8D522AC4-0067-40DD-9BFD-DC97A5A00ACB}.Debug|Any CPU.ActiveCfg = Debug|Any CPU
		{8D522AC4-0067-40DD-9BFD-DC97A5A00ACB}.Debug|Any CPU.Build.0 = Debug|Any CPU
		{8D522AC4-0067-40DD-9BFD-DC97A5A00ACB}.Release|Any CPU.ActiveCfg = Release|Any CPU
		{8D522AC4-0067-40DD-9BFD-DC97A5A00ACB}.Release|Any CPU.Build.0 = Release|Any CPU
	EndGlobalSection
	GlobalSection(SolutionProperties) = preSolution
		HideSolutionNode = FALSE
	EndGlobalSection
	GlobalSection(ExtensibilityGlobals) = postSolution
		SolutionGuid = {9AB9EE4C-F8F1-465D-8452-11C476953A2A}
	EndGlobalSection
EndGlobal
