
Microsoft Visual Studio Solution File, Format Version 12.00
# Visual Studio Version 16
VisualStudioVersion = 16.0.30711.63
MinimumVisualStudioVersion = 10.0.40219.1
Project("{FAE04EC0-301F-11D3-BF4B-00C04F79EFBC}") = "Hands Up", "Hands Up\Hands Up.csproj", "{EC80495B-CE6B-4DB8-A61B-EC312646CCC0}"
EndProject
Global
	GlobalSection(SolutionConfigurationPlatforms) = preSolution
		Debug|Any CPU = Debug|Any CPU
		Release|Any CPU = Release|Any CPU
	EndGlobalSection
	GlobalSection(ProjectConfigurationPlatforms) = postSolution
		{EC80495B-CE6B-4DB8-A61B-EC312646CCC0}.Debug|Any CPU.ActiveCfg = Debug|Any CPU
		{EC80495B-CE6B-4DB8-A61B-EC312646CCC0}.Debug|Any CPU.Build.0 = Debug|Any CPU
		{EC80495B-CE6B-4DB8-A61B-EC312646CCC0}.Release|Any CPU.ActiveCfg = Release|Any CPU
		{EC80495B-CE6B-4DB8-A61B-EC312646CCC0}.Release|Any CPU.Build.0 = Release|Any CPU
	EndGlobalSection
	GlobalSection(SolutionProperties) = preSolution
		HideSolutionNode = FALSE
	EndGlobalSection
	GlobalSection(ExtensibilityGlobals) = postSolution
		SolutionGuid = {CE0F95A7-9040-482F-8A80-69837696F29D}
	EndGlobalSection
EndGlobal
