
Microsoft Visual Studio Solution File, Format Version 12.00
# Visual Studio Version 16
VisualStudioVersion = 16.0.30711.63
MinimumVisualStudioVersion = 10.0.40219.1
Project("{FAE04EC0-301F-11D3-BF4B-00C04F79EFBC}") = "Grasshopper - Messi goals function", "Grasshopper - Messi goals function\Grasshopper - Messi goals function.csproj", "{04D70449-ADC0-436D-AFA3-4FA60AD1B04F}"
EndProject
Global
	GlobalSection(SolutionConfigurationPlatforms) = preSolution
		Debug|Any CPU = Debug|Any CPU
		Release|Any CPU = Release|Any CPU
	EndGlobalSection
	GlobalSection(ProjectConfigurationPlatforms) = postSolution
		{04D70449-ADC0-436D-AFA3-4FA60AD1B04F}.Debug|Any CPU.ActiveCfg = Debug|Any CPU
		{04D70449-ADC0-436D-AFA3-4FA60AD1B04F}.Debug|Any CPU.Build.0 = Debug|Any CPU
		{04D70449-ADC0-436D-AFA3-4FA60AD1B04F}.Release|Any CPU.ActiveCfg = Release|Any CPU
		{04D70449-ADC0-436D-AFA3-4FA60AD1B04F}.Release|Any CPU.Build.0 = Release|Any CPU
	EndGlobalSection
	GlobalSection(SolutionProperties) = preSolution
		HideSolutionNode = FALSE
	EndGlobalSection
	GlobalSection(ExtensibilityGlobals) = postSolution
		SolutionGuid = {2DEA5EF0-371C-483D-A757-4601DD0C2723}
	EndGlobalSection
EndGlobal
