
Microsoft Visual Studio Solution File, Format Version 12.00
# Visual Studio Version 16
VisualStudioVersion = 16.0.30711.63
MinimumVisualStudioVersion = 10.0.40219.1
Project("{FAE04EC0-301F-11D3-BF4B-00C04F79EFBC}") = "How good are you really", "How good are you really\How good are you really.csproj", "{A9AF7B66-7888-47F0-B41B-BE81C203FE02}"
EndProject
Global
	GlobalSection(SolutionConfigurationPlatforms) = preSolution
		Debug|Any CPU = Debug|Any CPU
		Release|Any CPU = Release|Any CPU
	EndGlobalSection
	GlobalSection(ProjectConfigurationPlatforms) = postSolution
		{A9AF7B66-7888-47F0-B41B-BE81C203FE02}.Debug|Any CPU.ActiveCfg = Debug|Any CPU
		{A9AF7B66-7888-47F0-B41B-BE81C203FE02}.Debug|Any CPU.Build.0 = Debug|Any CPU
		{A9AF7B66-7888-47F0-B41B-BE81C203FE02}.Release|Any CPU.ActiveCfg = Release|Any CPU
		{A9AF7B66-7888-47F0-B41B-BE81C203FE02}.Release|Any CPU.Build.0 = Release|Any CPU
	EndGlobalSection
	GlobalSection(SolutionProperties) = preSolution
		HideSolutionNode = FALSE
	EndGlobalSection
	GlobalSection(ExtensibilityGlobals) = postSolution
		SolutionGuid = {5082AFD9-439F-4DEA-B10D-F941CBA61D3F}
	EndGlobalSection
EndGlobal
