
Microsoft Visual Studio Solution File, Format Version 12.00
# Visual Studio Version 16
VisualStudioVersion = 16.0.30711.63
MinimumVisualStudioVersion = 10.0.40219.1
Project("{FAE04EC0-301F-11D3-BF4B-00C04F79EFBC}") = "Array plus array", "Array plus array\Array plus array.csproj", "{78CB90B9-FA07-4418-A155-579AD4178746}"
EndProject
Global
	GlobalSection(SolutionConfigurationPlatforms) = preSolution
		Debug|Any CPU = Debug|Any CPU
		Release|Any CPU = Release|Any CPU
	EndGlobalSection
	GlobalSection(ProjectConfigurationPlatforms) = postSolution
		{78CB90B9-FA07-4418-A155-579AD4178746}.Debug|Any CPU.ActiveCfg = Debug|Any CPU
		{78CB90B9-FA07-4418-A155-579AD4178746}.Debug|Any CPU.Build.0 = Debug|Any CPU
		{78CB90B9-FA07-4418-A155-579AD4178746}.Release|Any CPU.ActiveCfg = Release|Any CPU
		{78CB90B9-FA07-4418-A155-579AD4178746}.Release|Any CPU.Build.0 = Release|Any CPU
	EndGlobalSection
	GlobalSection(SolutionProperties) = preSolution
		HideSolutionNode = FALSE
	EndGlobalSection
	GlobalSection(ExtensibilityGlobals) = postSolution
		SolutionGuid = {21BA481D-EDFF-43E4-B809-CF87A09290F5}
	EndGlobalSection
EndGlobal
