
Microsoft Visual Studio Solution File, Format Version 12.00
# Visual Studio Version 16
VisualStudioVersion = 16.0.30711.63
MinimumVisualStudioVersion = 10.0.40219.1
Project("{FAE04EC0-301F-11D3-BF4B-00C04F79EFBC}") = "L1 Bartender, drinks!", "L1 Bartender, drinks!\L1 Bartender, drinks!.csproj", "{C008BC57-2BB4-4014-AE58-69095E0AEA8F}"
EndProject
Global
	GlobalSection(SolutionConfigurationPlatforms) = preSolution
		Debug|Any CPU = Debug|Any CPU
		Release|Any CPU = Release|Any CPU
	EndGlobalSection
	GlobalSection(ProjectConfigurationPlatforms) = postSolution
		{C008BC57-2BB4-4014-AE58-69095E0AEA8F}.Debug|Any CPU.ActiveCfg = Debug|Any CPU
		{C008BC57-2BB4-4014-AE58-69095E0AEA8F}.Debug|Any CPU.Build.0 = Debug|Any CPU
		{C008BC57-2BB4-4014-AE58-69095E0AEA8F}.Release|Any CPU.ActiveCfg = Release|Any CPU
		{C008BC57-2BB4-4014-AE58-69095E0AEA8F}.Release|Any CPU.Build.0 = Release|Any CPU
	EndGlobalSection
	GlobalSection(SolutionProperties) = preSolution
		HideSolutionNode = FALSE
	EndGlobalSection
	GlobalSection(ExtensibilityGlobals) = postSolution
		SolutionGuid = {26CC314A-6313-49F5-8C09-5BBB64A659FE}
	EndGlobalSection
EndGlobal
